Microsoft Visual Studio Solution File, Format Version 11.00
# Visual Studio 2008

Project("{1873F77F-80BC-C5F4-AF4F-78F280A00696}") = "Prison Air", "Assembly-CSharp-firstpass.csproj", "{3A695673-8274-7907-5EEE-04183054A641}"
EndProject
Project("{1873F77F-80BC-C5F4-AF4F-78F280A00696}") = "Prison Air", "Assembly-CSharp.csproj", "{A1D0A4A3-B99C-4D21-B70A-0BAE7A3275DB}"
EndProject
Project("{1873F77F-80BC-C5F4-AF4F-78F280A00696}") = "Prison Air", "Assembly-CSharp-Editor.csproj", "{4FEB7F40-0901-3FBD-2CBA-65388F362F95}"
EndProject
Global
	GlobalSection(SolutionConfigurationPlatforms) = preSolution
		Debug|Any CPU = Debug|Any CPU
		Release|Any CPU = Release|Any CPU
	EndGlobalSection
	GlobalSection(ProjectConfigurationPlatforms) = postSolution
		{3A695673-8274-7907-5EEE-04183054A641}.Debug|Any CPU.ActiveCfg = Debug|Any CPU
		{3A695673-8274-7907-5EEE-04183054A641}.Debug|Any CPU.Build.0 = Debug|Any CPU
		{3A695673-8274-7907-5EEE-04183054A641}.Release|Any CPU.ActiveCfg = Release|Any CPU
		{3A695673-8274-7907-5EEE-04183054A641}.Release|Any CPU.Build.0 = Release|Any CPU
		{A1D0A4A3-B99C-4D21-B70A-0BAE7A3275DB}.Debug|Any CPU.ActiveCfg = Debug|Any CPU
		{A1D0A4A3-B99C-4D21-B70A-0BAE7A3275DB}.Debug|Any CPU.Build.0 = Debug|Any CPU
		{A1D0A4A3-B99C-4D21-B70A-0BAE7A3275DB}.Release|Any CPU.ActiveCfg = Release|Any CPU
		{A1D0A4A3-B99C-4D21-B70A-0BAE7A3275DB}.Release|Any CPU.Build.0 = Release|Any CPU
		{4FEB7F40-0901-3FBD-2CBA-65388F362F95}.Debug|Any CPU.ActiveCfg = Debug|Any CPU
		{4FEB7F40-0901-3FBD-2CBA-65388F362F95}.Debug|Any CPU.Build.0 = Debug|Any CPU
		{4FEB7F40-0901-3FBD-2CBA-65388F362F95}.Release|Any CPU.ActiveCfg = Release|Any CPU
		{4FEB7F40-0901-3FBD-2CBA-65388F362F95}.Release|Any CPU.Build.0 = Release|Any CPU
	EndGlobalSection
	GlobalSection(SolutionProperties) = preSolution
		HideSolutionNode = FALSE
	EndGlobalSection
																																																																		GlobalSection(MonoDevelopProperties) = preSolution
																																												GlobalSection(MonoDevelopProperties) = preSolution
		StartupItem = Assembly-CSharp.csproj
		Policies = $0
		$0.TextStylePolicy = $1
		$1.inheritsSet = null
		$1.scope = text/x-csharp
		$0.CSharpFormattingPolicy = $2
		$2.inheritsSet = Mono
		$2.inheritsScope = text/x-csharp
		$2.scope = text/x-csharp
		$0.TextStylePolicy = $3
		$3.FileWidth = 120
		$3.TabWidth = 4
		$3.EolMarker = Unix
		$3.inheritsSet = Mono
		$3.inheritsScope = text/plain
		$3.scope = text/plain
	EndGlobalSection

EndGlobal
